Microsoft Visual Studio Solution File, Format Version 12.00
# Visual Studio Version 17
VisualStudioVersion = 17.0.31903.59
MinimumVisualStudioVersion = 10.0.40219.1
Project("{FAE04EC0-301F-11D3-BF4B-00C04F79EFBC}") = "AdaptiveSopDdsop.Web", "src\AdaptiveSopDdsop.Web\AdaptiveSopDdsop.Web.csproj", "{BB3DEC4B-6C14-4CC2-A94C-444E4B0DEE35}"
EndProject
Project("{FAE04EC0-301F-11D3-BF4B-00C04F79EFBC}") = "AdaptiveSopDdsop.NetworkStructure", "src\AdaptiveSopDdsop.NetworkStructure\AdaptiveSopDdsop.NetworkStructure.csproj", "{E8B2C18B-4B81-4E6B-8A28-496EBA9DF54C}"
EndProject
Project("{FAE04EC0-301F-11D3-BF4B-00C04F79EFBC}") = "AdaptiveSopDdsop.NetworkStructure.Web", "src\AdaptiveSopDdsop.NetworkStructure.Web\AdaptiveSopDdsop.NetworkStructure.Web.csproj", "{A7D8D08D-0B71-4C39-9EF1-0D45F36D5C1C}"
EndProject
Project("{FAE04EC0-301F-11D3-BF4B-00C04F79EFBC}") = "AdaptiveSopDdsop.NetworkStructure.Host", "src\AdaptiveSopDdsop.NetworkStructure.Host\AdaptiveSopDdsop.NetworkStructure.Host.csproj", "{3CC92FA8-6F20-4D29-9729-8E3D8A9B3874}"
EndProject
Project("{FAE04EC0-301F-11D3-BF4B-00C04F79EFBC}") = "AdaptiveSopDdsop.Tests", "tests\AdaptiveSopDdsop.Tests\AdaptiveSopDdsop.Tests.csproj", "{5D786A56-8F9A-48D8-879D-1C747F87A4AD}"
EndProject
Global
	GlobalSection(SolutionConfigurationPlatforms) = preSolution
		Debug|Any CPU = Debug|Any CPU
		Release|Any CPU = Release|Any CPU
	EndGlobalSection
	GlobalSection(ProjectConfigurationPlatforms) = postSolution
		{BB3DEC4B-6C14-4CC2-A94C-444E4B0DEE35}.Debug|Any CPU.ActiveCfg = Debug|Any CPU
		{BB3DEC4B-6C14-4CC2-A94C-444E4B0DEE35}.Debug|Any CPU.Build.0 = Debug|Any CPU
		{BB3DEC4B-6C14-4CC2-A94C-444E4B0DEE35}.Release|Any CPU.ActiveCfg = Release|Any CPU
		{BB3DEC4B-6C14-4CC2-A94C-444E4B0DEE35}.Release|Any CPU.Build.0 = Release|Any CPU
		{E8B2C18B-4B81-4E6B-8A28-496EBA9DF54C}.Debug|Any CPU.ActiveCfg = Debug|Any CPU
		{E8B2C18B-4B81-4E6B-8A28-496EBA9DF54C}.Debug|Any CPU.Build.0 = Debug|Any CPU
		{E8B2C18B-4B81-4E6B-8A28-496EBA9DF54C}.Release|Any CPU.ActiveCfg = Release|Any CPU
		{E8B2C18B-4B81-4E6B-8A28-496EBA9DF54C}.Release|Any CPU.Build.0 = Release|Any CPU
		{A7D8D08D-0B71-4C39-9EF1-0D45F36D5C1C}.Debug|Any CPU.ActiveCfg = Debug|Any CPU
		{A7D8D08D-0B71-4C39-9EF1-0D45F36D5C1C}.Debug|Any CPU.Build.0 = Debug|Any CPU
		{A7D8D08D-0B71-4C39-9EF1-0D45F36D5C1C}.Release|Any CPU.ActiveCfg = Release|Any CPU
		{A7D8D08D-0B71-4C39-9EF1-0D45F36D5C1C}.Release|Any CPU.Build.0 = Release|Any CPU
		{3CC92FA8-6F20-4D29-9729-8E3D8A9B3874}.Debug|Any CPU.ActiveCfg = Debug|Any CPU
		{3CC92FA8-6F20-4D29-9729-8E3D8A9B3874}.Debug|Any CPU.Build.0 = Debug|Any CPU
		{3CC92FA8-6F20-4D29-9729-8E3D8A9B3874}.Release|Any CPU.ActiveCfg = Release|Any CPU
		{3CC92FA8-6F20-4D29-9729-8E3D8A9B3874}.Release|Any CPU.Build.0 = Release|Any CPU
		{5D786A56-8F9A-48D8-879D-1C747F87A4AD}.Debug|Any CPU.ActiveCfg = Debug|Any CPU
		{5D786A56-8F9A-48D8-879D-1C747F87A4AD}.Debug|Any CPU.Build.0 = Debug|Any CPU
		{5D786A56-8F9A-48D8-879D-1C747F87A4AD}.Release|Any CPU.ActiveCfg = Release|Any CPU
		{5D786A56-8F9A-48D8-879D-1C747F87A4AD}.Release|Any CPU.Build.0 = Release|Any CPU
	EndGlobalSection
	GlobalSection(SolutionProperties) = preSolution
		HideSolutionNode = FALSE
	EndGlobalSection
EndGlobal
